// !$*UTF8*$!
{
	archiveVersion = 1;
	classes = {
	};
	objectVersion = 77;
	objects = {

/* Begin PBXContainerItemProxy section */
		4A54A4E82D4CEC27003EE512 /* PBXContainerItemProxy */ = {
			isa = PBXContainerItemProxy;
			containerPortal = 4A54A4CB2D4CEC26003EE512 /* Project object */;
			proxyType = 1;
			remoteGlobalIDString = 4A54A4D22D4CEC26003EE512;
			remoteInfo = Play_Wrist;
		};
		4A54A4F22D4CEC27003EE512 /* PBXContainerItemProxy */ = {
			isa = PBXContainerItemProxy;
			containerPortal = 4A54A4CB2D4CEC26003EE512 /* Project object */;
			proxyType = 1;
			remoteGlobalIDString = 4A54A4D22D4CEC26003EE512;
			remoteInfo = Play_Wrist;
		};
		4A8B55592D5B8F7E000BC329 /* PBXContainerItemProxy */ = {
			isa = PBXContainerItemProxy;
			containerPortal = 4A54A4CB2D4CEC26003EE512 /* Project object */;
			proxyType = 1;
			remoteGlobalIDString = 4A8B55482D5B8F7D000BC329;
			remoteInfo = "Play_Wrist_Watch Watch App";
		};
		4A8B55632D5B8F7E000BC329 /* PBXContainerItemProxy */ = {
			isa = PBXContainerItemProxy;
			containerPortal = 4A54A4CB2D4CEC26003EE512 /* Project object */;
			proxyType = 1;
			remoteGlobalIDString = 4A8B55482D5B8F7D000BC329;
			remoteInfo = "Play_Wrist_Watch Watch App";
		};
/* End PBXContainerItemProxy section */

/* Begin PBXFileReference section */
		4A54A4D32D4CEC26003EE512 /* Play_Wrist.app */ = {isa = PBXFileReference; explicitFileType = wrapper.application; includeInIndex = 0; path = Play_Wrist.app; sourceTree = BUILT_PRODUCTS_DIR; };
		4A54A4E72D4CEC27003EE512 /* Play_WristTests.xctest */ = {isa = PBXFileReference; explicitFileType = wrapper.cfbundle; includeInIndex = 0; path = Play_WristTests.xctest; sourceTree = BUILT_PRODUCTS_DIR; };
		4A54A4F12D4CEC27003EE512 /* Play_WristUITests.xctest */ = {isa = PBXFileReference; explicitFileType = wrapper.cfbundle; includeInIndex = 0; path = Play_WristUITests.xctest; sourceTree = BUILT_PRODUCTS_DIR; };
		4A8B553A2D5B8F5F000BC329 /* Play_Wrist_Watch.appex */ = {isa = PBXFileReference; explicitFileType = "wrapper.extensionkit-extension"; includeInIndex = 0; path = Play_Wrist_Watch.appex; sourceTree = BUILT_PRODUCTS_DIR; };
		4A8B55492D5B8F7D000BC329 /* Play_Wrist_Watch Watch App.app */ = {isa = PBXFileReference; explicitFileType = wrapper.application; includeInIndex = 0; path = "Play_Wrist_Watch Watch App.app"; sourceTree = BUILT_PRODUCTS_DIR; };
		4A8B55582D5B8F7E000BC329 /* Play_Wrist_Watch Watch AppTests.xctest */ = {isa = PBXFileReference; explicitFileType = wrapper.cfbundle; includeInIndex = 0; path = "Play_Wrist_Watch Watch AppTests.xctest"; sourceTree = BUILT_PRODUCTS_DIR; };
		4A8B55622D5B8F7E000BC329 /* Play_Wrist_Watch Watch AppUITests.xctest */ = {isa = PBXFileReference; explicitFileType = wrapper.cfbundle; includeInIndex = 0; path = "Play_Wrist_Watch Watch AppUITests.xctest"; sourceTree = BUILT_PRODUCTS_DIR; };
/* End PBXFileReference section */

/* Begin PBXFileSystemSynchronizedBuildFileExceptionSet section */
		4A54A4F92D4CEC27003EE512 /* Exceptions for "Play_Wrist" folder in "Play_Wrist" target */ = {
			isa = PBXFileSystemSynchronizedBuildFileExceptionSet;
			membershipExceptions = (
				Info.plist,
			);
			target = 4A54A4D22D4CEC26003EE512 /* Play_Wrist */;
		};
		4A8B55432D5B8F60000BC329 /* Exceptions for "Play_Wrist_Watch" folder in "Play_Wrist_Watch" target */ = {
			isa = PBXFileSystemSynchronizedBuildFileExceptionSet;
			membershipExceptions = (
				Info.plist,
			);
			target = 4A8B55392D5B8F5F000BC329 /* Play_Wrist_Watch */;
		};
/* End PBXFileSystemSynchronizedBuildFileExceptionSet section */

/* Begin PBXFileSystemSynchronizedRootGroup section */
		4A54A4D52D4CEC26003EE512 /* Play_Wrist */ = {
			isa = PBXFileSystemSynchronizedRootGroup;
			exceptions = (
				4A54A4F92D4CEC27003EE512 /* Exceptions for "Play_Wrist" folder in "Play_Wrist" target */,
			);
			path = Play_Wrist;
			sourceTree = "<group>";
		};
		4A54A4EA2D4CEC27003EE512 /* Play_WristTests */ = {
			isa = PBXFileSystemSynchronizedRootGroup;
			path = Play_WristTests;
			sourceTree = "<group>";
		};
		4A54A4F42D4CEC27003EE512 /* Play_WristUITests */ = {
			isa = PBXFileSystemSynchronizedRootGroup;
			path = Play_WristUITests;
			sourceTree = "<group>";
		};
		4A8B553B2D5B8F60000BC329 /* Play_Wrist_Watch */ = {
			isa = PBXFileSystemSynchronizedRootGroup;
			exceptions = (
				4A8B55432D5B8F60000BC329 /* Exceptions for "Play_Wrist_Watch" folder in "Play_Wrist_Watch" target */,
			);
			path = Play_Wrist_Watch;
			sourceTree = "<group>";
		};
		4A8B554A2D5B8F7D000BC329 /* Play_Wrist_Watch Watch App */ = {
			isa = PBXFileSystemSynchronizedRootGroup;
			path = "Play_Wrist_Watch Watch App";
			sourceTree = "<group>";
		};
		4A8B555B2D5B8F7E000BC329 /* Play_Wrist_Watch Watch AppTests */ = {
			isa = PBXFileSystemSynchronizedRootGroup;
			path = "Play_Wrist_Watch Watch AppTests";
			sourceTree = "<group>";
		};
		4A8B55652D5B8F7E000BC329 /* Play_Wrist_Watch Watch AppUITests */ = {
			isa = PBXFileSystemSynchronizedRootGroup;
			path = "Play_Wrist_Watch Watch AppUITests";
			sourceTree = "<group>";
		};
/* End PBXFileSystemSynchronizedRootGroup section */

/* Begin PBXFrameworksBuildPhase section */
		4A54A4D02D4CEC26003EE512 /* Frameworks */ = {
			isa = PBXFrameworksBuildPhase;
			buildActionMask = 2147483647;
			files = (
			);
			runOnlyForDeploymentPostprocessing = 0;
		};
		4A54A4E42D4CEC27003EE512 /* Frameworks */ = {
			isa = PBXFrameworksBuildPhase;
			buildActionMask = 2147483647;
			files = (
			);
			runOnlyForDeploymentPostprocessing = 0;
		};
		4A54A4EE2D4CEC27003EE512 /* Frameworks */ = {
			isa = PBXFrameworksBuildPhase;
			buildActionMask = 2147483647;
			files = (
			);
			runOnlyForDeploymentPostprocessing = 0;
		};
		4A8B55372D5B8F5F000BC329 /* Frameworks */ = {
			isa = PBXFrameworksBuildPhase;
			buildActionMask = 2147483647;
			files = (
			);
			runOnlyForDeploymentPostprocessing = 0;
		};
		4A8B55462D5B8F7D000BC329 /* Frameworks */ = {
			isa = PBXFrameworksBuildPhase;
			buildActionMask = 2147483647;
			files = (
			);
			runOnlyForDeploymentPostprocessing = 0;
		};
		4A8B55552D5B8F7E000BC329 /* Frameworks */ = {
			isa = PBXFrameworksBuildPhase;
			buildActionMask = 2147483647;
			files = (
			);
			runOnlyForDeploymentPostprocessing = 0;
		};
		4A8B555F2D5B8F7E000BC329 /* Frameworks */ = {
			isa = PBXFrameworksBuildPhase;
			buildActionMask = 2147483647;
			files = (
			);
			runOnlyForDeploymentPostprocessing = 0;
		};
/* End PBXFrameworksBuildPhase section */

/* Begin PBXGroup section */
		4A54A4CA2D4CEC26003EE512 = {
			isa = PBXGroup;
			children = (
				4A54A4D52D4CEC26003EE512 /* Play_Wrist */,
				4A54A4EA2D4CEC27003EE512 /* Play_WristTests */,
				4A54A4F42D4CEC27003EE512 /* Play_WristUITests */,
				4A8B553B2D5B8F60000BC329 /* Play_Wrist_Watch */,
				4A8B554A2D5B8F7D000BC329 /* Play_Wrist_Watch Watch App */,
				4A8B555B2D5B8F7E000BC329 /* Play_Wrist_Watch Watch AppTests */,
				4A8B55652D5B8F7E000BC329 /* Play_Wrist_Watch Watch AppUITests */,
				4A54A4D42D4CEC26003EE512 /* Products */,
			);
			sourceTree = "<group>";
		};
		4A54A4D42D4CEC26003EE512 /* Products */ = {
			isa = PBXGroup;
			children = (
				4A54A4D32D4CEC26003EE512 /* Play_Wrist.app */,
				4A54A4E72D4CEC27003EE512 /* Play_WristTests.xctest */,
				4A54A4F12D4CEC27003EE512 /* Play_WristUITests.xctest */,
				4A8B553A2D5B8F5F000BC329 /* Play_Wrist_Watch.appex */,
				4A8B55492D5B8F7D000BC329 /* Play_Wrist_Watch Watch App.app */,
				4A8B55582D5B8F7E000BC329 /* Play_Wrist_Watch Watch AppTests.xctest */,
				4A8B55622D5B8F7E000BC329 /* Play_Wrist_Watch Watch AppUITests.xctest */,
			);
			name = Products;
			sourceTree = "<group>";
		};
/* End PBXGroup section */

/* Begin PBXNativeTarget section */
		4A54A4D22D4CEC26003EE512 /* Play_Wrist */ = {
			isa = PBXNativeTarget;
			buildConfigurationList = 4A54A4FA2D4CEC27003EE512 /* Build configuration list for PBXNativeTarget "Play_Wrist" */;
			buildPhases = (
				4A54A4CF2D4CEC26003EE512 /* Sources */,
				4A54A4D02D4CEC26003EE512 /* Frameworks */,
				4A54A4D12D4CEC26003EE512 /* Resources */,
			);
			buildRules = (
			);
			dependencies = (
			);
			fileSystemSynchronizedGroups = (
				4A54A4D52D4CEC26003EE512 /* Play_Wrist */,
			);
			name = Play_Wrist;
			packageProductDependencies = (
			);
			productName = Play_Wrist;
			productReference = 4A54A4D32D4CEC26003EE512 /* Play_Wrist.app */;
			productType = "com.apple.product-type.application";
		};
		4A54A4E62D4CEC27003EE512 /* Play_WristTests */ = {
			isa = PBXNativeTarget;
			buildConfigurationList = 4A54A4FF2D4CEC27003EE512 /* Build configuration list for PBXNativeTarget "Play_WristTests" */;
			buildPhases = (
				4A54A4E32D4CEC27003EE512 /* Sources */,
				4A54A4E42D4CEC27003EE512 /* Frameworks */,
				4A54A4E52D4CEC27003EE512 /* Resources */,
			);
			buildRules = (
			);
			dependencies = (
				4A54A4E92D4CEC27003EE512 /* PBXTargetDependency */,
			);
			fileSystemSynchronizedGroups = (
				4A54A4EA2D4CEC27003EE512 /* Play_WristTests */,
			);
			name = Play_WristTests;
			packageProductDependencies = (
			);
			productName = Play_WristTests;
			productReference = 4A54A4E72D4CEC27003EE512 /* Play_WristTests.xctest */;
			productType = "com.apple.product-type.bundle.unit-test";
		};
		4A54A4F02D4CEC27003EE512 /* Play_WristUITests */ = {
			isa = PBXNativeTarget;
			buildConfigurationList = 4A54A5022D4CEC27003EE512 /* Build configuration list for PBXNativeTarget "Play_WristUITests" */;
			buildPhases = (
				4A54A4ED2D4CEC27003EE512 /* Sources */,
				4A54A4EE2D4CEC27003EE512 /* Frameworks */,
				4A54A4EF2D4CEC27003EE512 /* Resources */,
			);
			buildRules = (
			);
			dependencies = (
				4A54A4F32D4CEC27003EE512 /* PBXTargetDependency */,
			);
			fileSystemSynchronizedGroups = (
				4A54A4F42D4CEC27003EE512 /* Play_WristUITests */,
			);
			name = Play_WristUITests;
			packageProductDependencies = (
			);
			productName = Play_WristUITests;
			productReference = 4A54A4F12D4CEC27003EE512 /* Play_WristUITests.xctest */;
			productType = "com.apple.product-type.bundle.ui-testing";
		};
		4A8B55392D5B8F5F000BC329 /* Play_Wrist_Watch */ = {
			isa = PBXNativeTarget;
			buildConfigurationList = 4A8B55442D5B8F60000BC329 /* Build configuration list for PBXNativeTarget "Play_Wrist_Watch" */;
			buildPhases = (
				4A8B55362D5B8F5F000BC329 /* Sources */,
				4A8B55372D5B8F5F000BC329 /* Frameworks */,
				4A8B55382D5B8F5F000BC329 /* Resources */,
			);
			buildRules = (
			);
			dependencies = (
			);
			fileSystemSynchronizedGroups = (
				4A8B553B2D5B8F60000BC329 /* Play_Wrist_Watch */,
			);
			name = Play_Wrist_Watch;
			packageProductDependencies = (
			);
			productName = Play_Wrist_Watch;
			productReference = 4A8B553A2D5B8F5F000BC329 /* Play_Wrist_Watch.appex */;
			productType = "com.apple.product-type.extensionkit-extension";
		};
		4A8B55482D5B8F7D000BC329 /* Play_Wrist_Watch Watch App */ = {
			isa = PBXNativeTarget;
			buildConfigurationList = 4A8B556A2D5B8F7E000BC329 /* Build configuration list for PBXNativeTarget "Play_Wrist_Watch Watch App" */;
			buildPhases = (
				4A8B55452D5B8F7D000BC329 /* Sources */,
				4A8B55462D5B8F7D000BC329 /* Frameworks */,
				4A8B55472D5B8F7D000BC329 /* Resources */,
			);
			buildRules = (
			);
			dependencies = (
			);
			fileSystemSynchronizedGroups = (
				4A8B554A2D5B8F7D000BC329 /* Play_Wrist_Watch Watch App */,
			);
			name = "Play_Wrist_Watch Watch App";
			packageProductDependencies = (
			);
			productName = "Play_Wrist_Watch Watch App";
			productReference = 4A8B55492D5B8F7D000BC329 /* Play_Wrist_Watch Watch App.app */;
			productType = "com.apple.product-type.application";
		};
		4A8B55572D5B8F7E000BC329 /* Play_Wrist_Watch Watch AppTests */ = {
			isa = PBXNativeTarget;
			buildConfigurationList = 4A8B556D2D5B8F7E000BC329 /* Build configuration list for PBXNativeTarget "Play_Wrist_Watch Watch AppTests" */;
			buildPhases = (
				4A8B55542D5B8F7E000BC329 /* Sources */,
				4A8B55552D5B8F7E000BC329 /* Frameworks */,
				4A8B55562D5B8F7E000BC329 /* Resources */,
			);
			buildRules = (
			);
			dependencies = (
				4A8B555A2D5B8F7E000BC329 /* PBXTargetDependency */,
			);
			fileSystemSynchronizedGroups = (
				4A8B555B2D5B8F7E000BC329 /* Play_Wrist_Watch Watch AppTests */,
			);
			name = "Play_Wrist_Watch Watch AppTests";
			packageProductDependencies = (
			);
			productName = "Play_Wrist_Watch Watch AppTests";
			productReference = 4A8B55582D5B8F7E000BC329 /* Play_Wrist_Watch Watch AppTests.xctest */;
			productType = "com.apple.product-type.bundle.unit-test";
		};
		4A8B55612D5B8F7E000BC329 /* Play_Wrist_Watch Watch AppUITests */ = {
			isa = PBXNativeTarget;
			buildConfigurationList = 4A8B55702D5B8F7E000BC329 /* Build configuration list for PBXNativeTarget "Play_Wrist_Watch Watch AppUITests" */;
			buildPhases = (
				4A8B555E2D5B8F7E000BC329 /* Sources */,
				4A8B555F2D5B8F7E000BC329 /* Frameworks */,
				4A8B55602D5B8F7E000BC329 /* Resources */,
			);
			buildRules = (
			);
			dependencies = (
				4A8B55642D5B8F7E000BC329 /* PBXTargetDependency */,
			);
			fileSystemSynchronizedGroups = (
				4A8B55652D5B8F7E000BC329 /* Play_Wrist_Watch Watch AppUITests */,
			);
			name = "Play_Wrist_Watch Watch AppUITests";
			packageProductDependencies = (
			);
			productName = "Play_Wrist_Watch Watch AppUITests";
			productReference = 4A8B55622D5B8F7E000BC329 /* Play_Wrist_Watch Watch AppUITests.xctest */;
			productType = "com.apple.product-type.bundle.ui-testing";
		};
/* End PBXNativeTarget section */

/* Begin PBXProject section */
		4A54A4CB2D4CEC26003EE512 /* Project object */ = {
			isa = PBXProject;
			attributes = {
				BuildIndependentTargetsInParallel = 1;
				LastSwiftUpdateCheck = 1620;
				LastUpgradeCheck = 1620;
				TargetAttributes = {
					4A54A4D22D4CEC26003EE512 = {
						CreatedOnToolsVersion = 16.2;
					};
					4A54A4E62D4CEC27003EE512 = {
						CreatedOnToolsVersion = 16.2;
						TestTargetID = 4A54A4D22D4CEC26003EE512;
					};
					4A54A4F02D4CEC27003EE512 = {
						CreatedOnToolsVersion = 16.2;
						TestTargetID = 4A54A4D22D4CEC26003EE512;
					};
					4A8B55392D5B8F5F000BC329 = {
						CreatedOnToolsVersion = 16.2;
					};
					4A8B55482D5B8F7D000BC329 = {
						CreatedOnToolsVersion = 16.2;
					};
					4A8B55572D5B8F7E000BC329 = {
						CreatedOnToolsVersion = 16.2;
						TestTargetID = 4A8B55482D5B8F7D000BC329;
					};
					4A8B55612D5B8F7E000BC329 = {
						CreatedOnToolsVersion = 16.2;
						TestTargetID = 4A8B55482D5B8F7D000BC329;
					};
				};
			};
			buildConfigurationList = 4A54A4CE2D4CEC26003EE512 /* Build configuration list for PBXProject "Play_Wrist" */;
			developmentRegion = en;
			hasScannedForEncodings = 0;
			knownRegions = (
				en,
				Base,
			);
			mainGroup = 4A54A4CA2D4CEC26003EE512;
			minimizedProjectReferenceProxies = 1;
			preferredProjectObjectVersion = 77;
			productRefGroup = 4A54A4D42D4CEC26003EE512 /* Products */;
			projectDirPath = "";
			projectRoot = "";
			targets = (
				4A54A4D22D4CEC26003EE512 /* Play_Wrist */,
				4A54A4E62D4CEC27003EE512 /* Play_WristTests */,
				4A54A4F02D4CEC27003EE512 /* Play_WristUITests */,
				4A8B55392D5B8F5F000BC329 /* Play_Wrist_Watch */,
				4A8B55482D5B8F7D000BC329 /* Play_Wrist_Watch Watch App */,
				4A8B55572D5B8F7E000BC329 /* Play_Wrist_Watch Watch AppTests */,
				4A8B55612D5B8F7E000BC329 /* Play_Wrist_Watch Watch AppUITests */,
			);
		};
/* End PBXProject section */

/* Begin PBXResourcesBuildPhase section */
		4A54A4D12D4CEC26003EE512 /* Resources */ = {
			isa = PBXResourcesBuildPhase;
			buildActionMask = 2147483647;
			files = (
			);
			runOnlyForDeploymentPostprocessing = 0;
		};
		4A54A4E52D4CEC27003EE512 /* Resources */ = {
			isa = PBXResourcesBuildPhase;
			buildActionMask = 2147483647;
			files = (
			);
			runOnlyForDeploymentPostprocessing = 0;
		};
		4A54A4EF2D4CEC27003EE512 /* Resources */ = {
			isa = PBXResourcesBuildPhase;
			buildActionMask = 2147483647;
			files = (
			);
			runOnlyForDeploymentPostprocessing = 0;
		};
		4A8B55382D5B8F5F000BC329 /* Resources */ = {
			isa = PBXResourcesBuildPhase;
			buildActionMask = 2147483647;
			files = (
			);
			runOnlyForDeploymentPostprocessing = 0;
		};
		4A8B55472D5B8F7D000BC329 /* Resources */ = {
			isa = PBXResourcesBuildPhase;
			buildActionMask = 2147483647;
			files = (
			);
			runOnlyForDeploymentPostprocessing = 0;
		};
		4A8B55562D5B8F7E000BC329 /* Resources */ = {
			isa = PBXResourcesBuildPhase;
			buildActionMask = 2147483647;
			files = (
			);
			runOnlyForDeploymentPostprocessing = 0;
		};
		4A8B55602D5B8F7E000BC329 /* Resources */ = {
			isa = PBXResourcesBuildPhase;
			buildActionMask = 2147483647;
			files = (
			);
			runOnlyForDeploymentPostprocessing = 0;
		};
/* End PBXResourcesBuildPhase section */

/* Begin PBXSourcesBuildPhase section */
		4A54A4CF2D4CEC26003EE512 /* Sources */ = {
			isa = PBXSourcesBuildPhase;
			buildActionMask = 2147483647;
			files = (
			);
			runOnlyForDeploymentPostprocessing = 0;
		};
		4A54A4E32D4CEC27003EE512 /* Sources */ = {
			isa = PBXSourcesBuildPhase;
			buildActionMask = 2147483647;
			files = (
			);
			runOnlyForDeploymentPostprocessing = 0;
		};
		4A54A4ED2D4CEC27003EE512 /* Sources */ = {
			isa = PBXSourcesBuildPhase;
			buildActionMask = 2147483647;
			files = (
			);
			runOnlyForDeploymentPostprocessing = 0;
		};
		4A8B55362D5B8F5F000BC329 /* Sources */ = {
			isa = PBXSourcesBuildPhase;
			buildActionMask = 2147483647;
			files = (
			);
			runOnlyForDeploymentPostprocessing = 0;
		};
		4A8B55452D5B8F7D000BC329 /* Sources */ = {
			isa = PBXSourcesBuildPhase;
			buildActionMask = 2147483647;
			files = (
			);
			runOnlyForDeploymentPostprocessing = 0;
		};
		4A8B55542D5B8F7E000BC329 /* Sources */ = {
			isa = PBXSourcesBuildPhase;
			buildActionMask = 2147483647;
			files = (
			);
			runOnlyForDeploymentPostprocessing = 0;
		};
		4A8B555E2D5B8F7E000BC329 /* Sources */ = {
			isa = PBXSourcesBuildPhase;
			buildActionMask = 2147483647;
			files = (
			);
			runOnlyForDeploymentPostprocessing = 0;
		};
/* End PBXSourcesBuildPhase section */

/* Begin PBXTargetDependency section */
		4A54A4E92D4CEC27003EE512 /* PBXTargetDependency */ = {
			isa = PBXTargetDependency;
			target = 4A54A4D22D4CEC26003EE512 /* Play_Wrist */;
			targetProxy = 4A54A4E82D4CEC27003EE512 /* PBXContainerItemProxy */;
		};
		4A54A4F32D4CEC27003EE512 /* PBXTargetDependency */ = {
			isa = PBXTargetDependency;
			target = 4A54A4D22D4CEC26003EE512 /* Play_Wrist */;
			targetProxy = 4A54A4F22D4CEC27003EE512 /* PBXContainerItemProxy */;
		};
		4A8B555A2D5B8F7E000BC329 /* PBXTargetDependency */ = {
			isa = PBXTargetDependency;
			target = 4A8B55482D5B8F7D000BC329 /* Play_Wrist_Watch Watch App */;
			targetProxy = 4A8B55592D5B8F7E000BC329 /* PBXContainerItemProxy */;
		};
		4A8B55642D5B8F7E000BC329 /* PBXTargetDependency */ = {
			isa = PBXTargetDependency;
			target = 4A8B55482D5B8F7D000BC329 /* Play_Wrist_Watch Watch App */;
			targetProxy = 4A8B55632D5B8F7E000BC329 /* PBXContainerItemProxy */;
		};
/* End PBXTargetDependency section */

/* Begin XCBuildConfiguration section */
		4A54A4FB2D4CEC27003EE512 /* Debug */ = {
			isa = XCBuildConfiguration;
			buildSettings = {
				ASSETCATALOG_COMPILER_APPICON_NAME = AppIcon;
				ASSETCATALOG_COMPILER_GLOBAL_ACCENT_COLOR_NAME = AccentColor;
				CODE_SIGN_ENTITLEMENTS = Play_Wrist/Play_Wrist.entitlements;
				CODE_SIGN_STYLE = Automatic;
				CURRENT_PROJECT_VERSION = 1;
				DEVELOPMENT_ASSET_PATHS = "\"Play_Wrist/Preview Content\"";
				ENABLE_PREVIEWS = YES;
				GENERATE_INFOPLIST_FILE = YES;
				INFOPLIST_FILE = Play_Wrist/Info.plist;
				INFOPLIST_KEY_UIApplicationSceneManifest_Generation = YES;
				INFOPLIST_KEY_UIApplicationSupportsIndirectInputEvents = YES;
				INFOPLIST_KEY_UILaunchScreen_Generation = YES;
				INFOPLIST_KEY_UISupportedInterfaceOrientations_iPad = "UIInterfaceOrientationPortrait UIInterfaceOrientationPortraitUpsideDown UIInterfaceOrientationLandscapeLeft UIInterfaceOrientationLandscapeRight";
				INFOPLIST_KEY_UISupportedInterfaceOrientations_iPhone = "UIInterfaceOrientationPortrait UIInterfaceOrientationLandscapeLeft UIInterfaceOrientationLandscapeRight";
				LD_RUNPATH_SEARCH_PATHS = (
					"$(inherited)",
					"@executable_path/Frameworks",
				);
				MARKETING_VERSION = 1.0;
				PRODUCT_BUNDLE_IDENTIFIER = "com.kimhyeonsu.Play-Wrist";
				PRODUCT_NAME = "$(TARGET_NAME)";
				SWIFT_EMIT_LOC_STRINGS = YES;
				SWIFT_VERSION = 5.0;
				TARGETED_DEVICE_FAMILY = "1,2";
			};
			name = Debug;
		};
		4A54A4FC2D4CEC27003EE512 /* Release */ = {
			isa = XCBuildConfiguration;
			buildSettings = {
				ASSETCATALOG_COMPILER_APPICON_NAME = AppIcon;
				ASSETCATALOG_COMPILER_GLOBAL_ACCENT_COLOR_NAME = AccentColor;
				CODE_SIGN_ENTITLEMENTS = Play_Wrist/Play_Wrist.entitlements;
				CODE_SIGN_STYLE = Automatic;
				CURRENT_PROJECT_VERSION = 1;
				DEVELOPMENT_ASSET_PATHS = "\"Play_Wrist/Preview Content\"";
				ENABLE_PREVIEWS = YES;
				GENERATE_INFOPLIST_FILE = YES;
				INFOPLIST_FILE = Play_Wrist/Info.plist;
				INFOPLIST_KEY_UIApplicationSceneManifest_Generation = YES;
				INFOPLIST_KEY_UIApplicationSupportsIndirectInputEvents = YES;
				INFOPLIST_KEY_UILaunchScreen_Generation = YES;
				INFOPLIST_KEY_UISupportedInterfaceOrientations_iPad = "UIInterfaceOrientationPortrait UIInterfaceOrientationPortraitUpsideDown UIInterfaceOrientationLandscapeLeft UIInterfaceOrientationLandscapeRight";
				INFOPLIST_KEY_UISupportedInterfaceOrientations_iPhone = "UIInterfaceOrientationPortrait UIInterfaceOrientationLandscapeLeft UIInterfaceOrientationLandscapeRight";
				LD_RUNPATH_SEARCH_PATHS = (
					"$(inherited)",
					"@executable_path/Frameworks",
				);
				MARKETING_VERSION = 1.0;
				PRODUCT_BUNDLE_IDENTIFIER = "com.kimhyeonsu.Play-Wrist";
				PRODUCT_NAME = "$(TARGET_NAME)";
				SWIFT_EMIT_LOC_STRINGS = YES;
				SWIFT_VERSION = 5.0;
				TARGETED_DEVICE_FAMILY = "1,2";
			};
			name = Release;
		};
		4A54A4FD2D4CEC27003EE512 /* Debug */ = {
			isa = XCBuildConfiguration;
			buildSettings = {
				ALWAYS_SEARCH_USER_PATHS = NO;
				ASSETCATALOG_COMPILER_GENERATE_SWIFT_ASSET_SYMBOL_EXTENSIONS = YES;
				CLANG_ANALYZER_NONNULL = YES;
				CLANG_ANALYZER_NUMBER_OBJECT_CONVERSION = YES_AGGRESSIVE;
				CLANG_CXX_LANGUAGE_STANDARD = "gnu++20";
				CLANG_ENABLE_MODULES = YES;
				CLANG_ENABLE_OBJC_ARC = YES;
				CLANG_ENABLE_OBJC_WEAK = YES;
				CLANG_WARN_BLOCK_CAPTURE_AUTORELEASING = YES;
				CLANG_WARN_BOOL_CONVERSION = YES;
				CLANG_WARN_COMMA = YES;
				CLANG_WARN_CONSTANT_CONVERSION = YES;
				CLANG_WARN_DEPRECATED_OBJC_IMPLEMENTATIONS = YES;
				CLANG_WARN_DIRECT_OBJC_ISA_USAGE = YES_ERROR;
				CLANG_WARN_DOCUMENTATION_COMMENTS = YES;
				CLANG_WARN_EMPTY_BODY = YES;
				CLANG_WARN_ENUM_CONVERSION = YES;
				CLANG_WARN_INFINITE_RECURSION = YES;
				CLANG_WARN_INT_CONVERSION = YES;
				CLANG_WARN_NON_LITERAL_NULL_CONVERSION = YES;
				CLANG_WARN_OBJC_IMPLICIT_RETAIN_SELF = YES;
				CLANG_WARN_OBJC_LITERAL_CONVERSION = YES;
				CLANG_WARN_OBJC_ROOT_CLASS = YES_ERROR;
				CLANG_WARN_QUOTED_INCLUDE_IN_FRAMEWORK_HEADER = YES;
				CLANG_WARN_RANGE_LOOP_ANALYSIS = YES;
				CLANG_WARN_STRICT_PROTOTYPES = YES;
				CLANG_WARN_SUSPICIOUS_MOVE = YES;
				CLANG_WARN_UNGUARDED_AVAILABILITY = YES_AGGRESSIVE;
				CLANG_WARN_UNREACHABLE_CODE = YES;
				CLANG_WARN__DUPLICATE_METHOD_MATCH = YES;
				COPY_PHASE_STRIP = NO;
				DEBUG_INFORMATION_FORMAT = dwarf;
				ENABLE_STRICT_OBJC_MSGSEND = YES;
				ENABLE_TESTABILITY = YES;
				ENABLE_USER_SCRIPT_SANDBOXING = YES;
				GCC_C_LANGUAGE_STANDARD = gnu17;
				GCC_DYNAMIC_NO_PIC = NO;
				GCC_NO_COMMON_BLOCKS = YES;
				GCC_OPTIMIZATION_LEVEL = 0;
				GCC_PREPROCESSOR_DEFINITIONS = (
					"DEBUG=1",
					"$(inherited)",
				);
				GCC_WARN_64_TO_32_BIT_CONVERSION = YES;
				GCC_WARN_ABOUT_RETURN_TYPE = YES_ERROR;
				GCC_WARN_UNDECLARED_SELECTOR = YES;
				GCC_WARN_UNINITIALIZED_AUTOS = YES_AGGRESSIVE;
				GCC_WARN_UNUSED_FUNCTION = YES;
				GCC_WARN_UNUSED_VARIABLE = YES;
				IPHONEOS_DEPLOYMENT_TARGET = 18.2;
				LOCALIZATION_PREFERS_STRING_CATALOGS = YES;
				MTL_ENABLE_DEBUG_INFO = INCLUDE_SOURCE;
				MTL_FAST_MATH = YES;
				ONLY_ACTIVE_ARCH = YES;
				SDKROOT = iphoneos;
				SWIFT_ACTIVE_COMPILATION_CONDITIONS = "DEBUG $(inherited)";
				SWIFT_OPTIMIZATION_LEVEL = "-Onone";
			};
			name = Debug;
		};
		4A54A4FE2D4CEC27003EE512 /* Release */ = {
			isa = XCBuildConfiguration;
			buildSettings = {
				ALWAYS_SEARCH_USER_PATHS = NO;
				ASSETCATALOG_COMPILER_GENERATE_SWIFT_ASSET_SYMBOL_EXTENSIONS = YES;
				CLANG_ANALYZER_NONNULL = YES;
				CLANG_ANALYZER_NUMBER_OBJECT_CONVERSION = YES_AGGRESSIVE;
				CLANG_CXX_LANGUAGE_STANDARD = "gnu++20";
				CLANG_ENABLE_MODULES = YES;
				CLANG_ENABLE_OBJC_ARC = YES;
				CLANG_ENABLE_OBJC_WEAK = YES;
				CLANG_WARN_BLOCK_CAPTURE_AUTORELEASING = YES;
				CLANG_WARN_BOOL_CONVERSION = YES;
				CLANG_WARN_COMMA = YES;
				CLANG_WARN_CONSTANT_CONVERSION = YES;
				CLANG_WARN_DEPRECATED_OBJC_IMPLEMENTATIONS = YES;
				CLANG_WARN_DIRECT_OBJC_ISA_USAGE = YES_ERROR;
				CLANG_WARN_DOCUMENTATION_COMMENTS = YES;
				CLANG_WARN_EMPTY_BODY = YES;
				CLANG_WARN_ENUM_CONVERSION = YES;
				CLANG_WARN_INFINITE_RECURSION = YES;
				CLANG_WARN_INT_CONVERSION = YES;
				CLANG_WARN_NON_LITERAL_NULL_CONVERSION = YES;
				CLANG_WARN_OBJC_IMPLICIT_RETAIN_SELF = YES;
				CLANG_WARN_OBJC_LITERAL_CONVERSION = YES;
				CLANG_WARN_OBJC_ROOT_CLASS = YES_ERROR;
				CLANG_WARN_QUOTED_INCLUDE_IN_FRAMEWORK_HEADER = YES;
				CLANG_WARN_RANGE_LOOP_ANALYSIS = YES;
				CLANG_WARN_STRICT_PROTOTYPES = YES;
				CLANG_WARN_SUSPICIOUS_MOVE = YES;
				CLANG_WARN_UNGUARDED_AVAILABILITY = YES_AGGRESSIVE;
				CLANG_WARN_UNREACHABLE_CODE = YES;
				CLANG_WARN__DUPLICATE_METHOD_MATCH = YES;
				COPY_PHASE_STRIP = NO;
				DEBUG_INFORMATION_FORMAT = "dwarf-with-dsym";
				ENABLE_NS_ASSERTIONS = NO;
				ENABLE_STRICT_OBJC_MSGSEND = YES;
				ENABLE_USER_SCRIPT_SANDBOXING = YES;
				GCC_C_LANGUAGE_STANDARD = gnu17;
				GCC_NO_COMMON_BLOCKS = YES;
				GCC_WARN_64_TO_32_BIT_CONVERSION = YES;
				GCC_WARN_ABOUT_RETURN_TYPE = YES_ERROR;
				GCC_WARN_UNDECLARED_SELECTOR = YES;
				GCC_WARN_UNINITIALIZED_AUTOS = YES_AGGRESSIVE;
				GCC_WARN_UNUSED_FUNCTION = YES;
				GCC_WARN_UNUSED_VARIABLE = YES;
				IPHONEOS_DEPLOYMENT_TARGET = 18.2;
				LOCALIZATION_PREFERS_STRING_CATALOGS = YES;
				MTL_ENABLE_DEBUG_INFO = NO;
				MTL_FAST_MATH = YES;
				SDKROOT = iphoneos;
				SWIFT_COMPILATION_MODE = wholemodule;
				VALIDATE_PRODUCT = YES;
			};
			name = Release;
		};
		4A54A5002D4CEC27003EE512 /* Debug */ = {
			isa = XCBuildConfiguration;
			buildSettings = {
				BUNDLE_LOADER = "$(TEST_HOST)";
				CODE_SIGN_STYLE = Automatic;
				CURRENT_PROJECT_VERSION = 1;
				GENERATE_INFOPLIST_FILE = YES;
				IPHONEOS_DEPLOYMENT_TARGET = 18.2;
				MARKETING_VERSION = 1.0;
				PRODUCT_BUNDLE_IDENTIFIER = "com.kimhyeonsu.Play-WristTests";
				PRODUCT_NAME = "$(TARGET_NAME)";
				SWIFT_EMIT_LOC_STRINGS = NO;
				SWIFT_VERSION = 5.0;
				TARGETED_DEVICE_FAMILY = "1,2";
				TEST_HOST = "$(BUILT_PRODUCTS_DIR)/Play_Wrist.app/$(BUNDLE_EXECUTABLE_FOLDER_PATH)/Play_Wrist";
			};
			name = Debug;
		};
		4A54A5012D4CEC27003EE512 /* Release */ = {
			isa = XCBuildConfiguration;
			buildSettings = {
				BUNDLE_LOADER = "$(TEST_HOST)";
				CODE_SIGN_STYLE = Automatic;
				CURRENT_PROJECT_VERSION = 1;
				GENERATE_INFOPLIST_FILE = YES;
				IPHONEOS_DEPLOYMENT_TARGET = 18.2;
				MARKETING_VERSION = 1.0;
				PRODUCT_BUNDLE_IDENTIFIER = "com.kimhyeonsu.Play-WristTests";
				PRODUCT_NAME = "$(TARGET_NAME)";
				SWIFT_EMIT_LOC_STRINGS = NO;
				SWIFT_VERSION = 5.0;
				TARGETED_DEVICE_FAMILY = "1,2";
				TEST_HOST = "$(BUILT_PRODUCTS_DIR)/Play_Wrist.app/$(BUNDLE_EXECUTABLE_FOLDER_PATH)/Play_Wrist";
			};
			name = Release;
		};
		4A54A5032D4CEC27003EE512 /* Debug */ = {
			isa = XCBuildConfiguration;
			buildSettings = {
				CODE_SIGN_STYLE = Automatic;
				CURRENT_PROJECT_VERSION = 1;
				GENERATE_INFOPLIST_FILE = YES;
				MARKETING_VERSION = 1.0;
				PRODUCT_BUNDLE_IDENTIFIER = "com.kimhyeonsu.Play-WristUITests";
				PRODUCT_NAME = "$(TARGET_NAME)";
				SWIFT_EMIT_LOC_STRINGS = NO;
				SWIFT_VERSION = 5.0;
				TARGETED_DEVICE_FAMILY = "1,2";
				TEST_TARGET_NAME = Play_Wrist;
			};
			name = Debug;
		};
		4A54A5042D4CEC27003EE512 /* Release */ = {
			isa = XCBuildConfiguration;
			buildSettings = {
				CODE_SIGN_STYLE = Automatic;
				CURRENT_PROJECT_VERSION = 1;
				GENERATE_INFOPLIST_FILE = YES;
				MARKETING_VERSION = 1.0;
				PRODUCT_BUNDLE_IDENTIFIER = "com.kimhyeonsu.Play-WristUITests";
				PRODUCT_NAME = "$(TARGET_NAME)";
				SWIFT_EMIT_LOC_STRINGS = NO;
				SWIFT_VERSION = 5.0;
				TARGETED_DEVICE_FAMILY = "1,2";
				TEST_TARGET_NAME = Play_Wrist;
			};
			name = Release;
		};
		4A8B55412D5B8F60000BC329 /* Debug */ = {
			isa = XCBuildConfiguration;
			buildSettings = {
				CODE_SIGN_STYLE = Automatic;
				CURRENT_PROJECT_VERSION = 1;
				GENERATE_INFOPLIST_FILE = YES;
				INFOPLIST_FILE = Play_Wrist_Watch/Info.plist;
				INFOPLIST_KEY_CFBundleDisplayName = Play_Wrist_Watch;
				INFOPLIST_KEY_NSHumanReadableCopyright = "";
				LD_RUNPATH_SEARCH_PATHS = (
					"$(inherited)",
					"@executable_path/Frameworks",
					"@executable_path/../../Frameworks",
					"@executable_path/../../../../Frameworks",
				);
				MARKETING_VERSION = 1.0;
				PRODUCT_BUNDLE_IDENTIFIER = "com.kimhyeonsu.Play-Wrist-Watch";
				PRODUCT_NAME = "$(TARGET_NAME)";
				SDKROOT = watchos;
				SKIP_INSTALL = YES;
				SWIFT_EMIT_LOC_STRINGS = YES;
				SWIFT_VERSION = 5.0;
				TARGETED_DEVICE_FAMILY = 4;
				WATCHOS_DEPLOYMENT_TARGET = 11.2;
			};
			name = Debug;
		};
		4A8B55422D5B8F60000BC329 /* Release */ = {
			isa = XCBuildConfiguration;
			buildSettings = {
				CODE_SIGN_STYLE = Automatic;
				CURRENT_PROJECT_VERSION = 1;
				GENERATE_INFOPLIST_FILE = YES;
				INFOPLIST_FILE = Play_Wrist_Watch/Info.plist;
				INFOPLIST_KEY_CFBundleDisplayName = Play_Wrist_Watch;
				INFOPLIST_KEY_NSHumanReadableCopyright = "";
				LD_RUNPATH_SEARCH_PATHS = (
					"$(inherited)",
					"@executable_path/Frameworks",
					"@executable_path/../../Frameworks",
					"@executable_path/../../../../Frameworks",
				);
				MARKETING_VERSION = 1.0;
				PRODUCT_BUNDLE_IDENTIFIER = "com.kimhyeonsu.Play-Wrist-Watch";
				PRODUCT_NAME = "$(TARGET_NAME)";
				SDKROOT = watchos;
				SKIP_INSTALL = YES;
				SWIFT_EMIT_LOC_STRINGS = YES;
				SWIFT_VERSION = 5.0;
				TARGETED_DEVICE_FAMILY = 4;
				WATCHOS_DEPLOYMENT_TARGET = 11.2;
			};
			name = Release;
		};
		4A8B556B2D5B8F7E000BC329 /* Debug */ = {
			isa = XCBuildConfiguration;
			buildSettings = {
				ASSETCATALOG_COMPILER_APPICON_NAME = AppIcon;
				ASSETCATALOG_COMPILER_GLOBAL_ACCENT_COLOR_NAME = AccentColor;
				CODE_SIGN_STYLE = Automatic;
				CURRENT_PROJECT_VERSION = 1;
				DEVELOPMENT_ASSET_PATHS = "\"Play_Wrist_Watch Watch App/Preview Content\"";
				ENABLE_PREVIEWS = YES;
				GENERATE_INFOPLIST_FILE = YES;
				INFOPLIST_KEY_CFBundleDisplayName = Play_Wrist_Watch;
				INFOPLIST_KEY_UISupportedInterfaceOrientations = "UIInterfaceOrientationPortrait UIInterfaceOrientationPortraitUpsideDown";
				INFOPLIST_KEY_WKCompanionAppBundleIdentifier = "";
				LD_RUNPATH_SEARCH_PATHS = (
					"$(inherited)",
					"@executable_path/Frameworks",
				);
				MARKETING_VERSION = 1.0;
				PRODUCT_BUNDLE_IDENTIFIER = .watchkitapp;
				PRODUCT_NAME = "$(TARGET_NAME)";
				SDKROOT = watchos;
				SKIP_INSTALL = YES;
				SWIFT_EMIT_LOC_STRINGS = YES;
				SWIFT_VERSION = 5.0;
				TARGETED_DEVICE_FAMILY = 4;
				WATCHOS_DEPLOYMENT_TARGET = 11.2;
			};
			name = Debug;
		};
		4A8B556C2D5B8F7E000BC329 /* Release */ = {
			isa = XCBuildConfiguration;
			buildSettings = {
				ASSETCATALOG_COMPILER_APPICON_NAME = AppIcon;
				ASSETCATALOG_COMPILER_GLOBAL_ACCENT_COLOR_NAME = AccentColor;
				CODE_SIGN_STYLE = Automatic;
				CURRENT_PROJECT_VERSION = 1;
				DEVELOPMENT_ASSET_PATHS = "\"Play_Wrist_Watch Watch App/Preview Content\"";
				ENABLE_PREVIEWS = YES;
				GENERATE_INFOPLIST_FILE = YES;
				INFOPLIST_KEY_CFBundleDisplayName = Play_Wrist_Watch;
				INFOPLIST_KEY_UISupportedInterfaceOrientations = "UIInterfaceOrientationPortrait UIInterfaceOrientationPortraitUpsideDown";
				INFOPLIST_KEY_WKCompanionAppBundleIdentifier = "";
				LD_RUNPATH_SEARCH_PATHS = (
					"$(inherited)",
					"@executable_path/Frameworks",
				);
				MARKETING_VERSION = 1.0;
				PRODUCT_BUNDLE_IDENTIFIER = .watchkitapp;
				PRODUCT_NAME = "$(TARGET_NAME)";
				SDKROOT = watchos;
				SKIP_INSTALL = YES;
				SWIFT_EMIT_LOC_STRINGS = YES;
				SWIFT_VERSION = 5.0;
				TARGETED_DEVICE_FAMILY = 4;
				WATCHOS_DEPLOYMENT_TARGET = 11.2;
			};
			name = Release;
		};
		4A8B556E2D5B8F7E000BC329 /* Debug */ = {
			isa = XCBuildConfiguration;
			buildSettings = {
				BUNDLE_LOADER = "$(TEST_HOST)";
				CODE_SIGN_STYLE = Automatic;
				CURRENT_PROJECT_VERSION = 1;
				GENERATE_INFOPLIST_FILE = YES;
				MARKETING_VERSION = 1.0;
				PRODUCT_BUNDLE_IDENTIFIER = "com.kimhyeonsu.Play-Wrist-Watch-Watch-AppTests";
				PRODUCT_NAME = "$(TARGET_NAME)";
				SDKROOT = watchos;
				SWIFT_EMIT_LOC_STRINGS = NO;
				SWIFT_VERSION = 5.0;
				TARGETED_DEVICE_FAMILY = 4;
				TEST_HOST = "$(BUILT_PRODUCTS_DIR)/Play_Wrist_Watch Watch App.app/$(BUNDLE_EXECUTABLE_FOLDER_PATH)/Play_Wrist_Watch Watch App";
				WATCHOS_DEPLOYMENT_TARGET = 11.2;
			};
			name = Debug;
		};
		4A8B556F2D5B8F7E000BC329 /* Release */ = {
			isa = XCBuildConfiguration;
			buildSettings = {
				BUNDLE_LOADER = "$(TEST_HOST)";
				CODE_SIGN_STYLE = Automatic;
				CURRENT_PROJECT_VERSION = 1;
				GENERATE_INFOPLIST_FILE = YES;
				MARKETING_VERSION = 1.0;
				PRODUCT_BUNDLE_IDENTIFIER = "com.kimhyeonsu.Play-Wrist-Watch-Watch-AppTests";
				PRODUCT_NAME = "$(TARGET_NAME)";
				SDKROOT = watchos;
				SWIFT_EMIT_LOC_STRINGS = NO;
				SWIFT_VERSION = 5.0;
				TARGETED_DEVICE_FAMILY = 4;
				TEST_HOST = "$(BUILT_PRODUCTS_DIR)/Play_Wrist_Watch Watch App.app/$(BUNDLE_EXECUTABLE_FOLDER_PATH)/Play_Wrist_Watch Watch App";
				WATCHOS_DEPLOYMENT_TARGET = 11.2;
			};
			name = Release;
		};
		4A8B55712D5B8F7E000BC329 /* Debug */ = {
			isa = XCBuildConfiguration;
			buildSettings = {
				CODE_SIGN_STYLE = Automatic;
				CURRENT_PROJECT_VERSION = 1;
				GENERATE_INFOPLIST_FILE = YES;
				MARKETING_VERSION = 1.0;
				PRODUCT_BUNDLE_IDENTIFIER = "com.kimhyeonsu.Play-Wrist-Watch-Watch-AppUITests";
				PRODUCT_NAME = "$(TARGET_NAME)";
				SDKROOT = watchos;
				SWIFT_EMIT_LOC_STRINGS = NO;
				SWIFT_VERSION = 5.0;
				TARGETED_DEVICE_FAMILY = 4;
				TEST_TARGET_NAME = "Play_Wrist_Watch Watch App";
				WATCHOS_DEPLOYMENT_TARGET = 11.2;
			};
			name = Debug;
		};
		4A8B55722D5B8F7E000BC329 /* Release */ = {
			isa = XCBuildConfiguration;
			buildSettings = {
				CODE_SIGN_STYLE = Automatic;
				CURRENT_PROJECT_VERSION = 1;
				GENERATE_INFOPLIST_FILE = YES;
				MARKETING_VERSION = 1.0;
				PRODUCT_BUNDLE_IDENTIFIER = "com.kimhyeonsu.Play-Wrist-Watch-Watch-AppUITests";
				PRODUCT_NAME = "$(TARGET_NAME)";
				SDKROOT = watchos;
				SWIFT_EMIT_LOC_STRINGS = NO;
				SWIFT_VERSION = 5.0;
				TARGETED_DEVICE_FAMILY = 4;
				TEST_TARGET_NAME = "Play_Wrist_Watch Watch App";
				WATCHOS_DEPLOYMENT_TARGET = 11.2;
			};
			name = Release;
		};
/* End XCBuildConfiguration section */

/* Begin XCConfigurationList section */
		4A54A4CE2D4CEC26003EE512 /* Build configuration list for PBXProject "Play_Wrist" */ = {
			isa = XCConfigurationList;
			buildConfigurations = (
				4A54A4FD2D4CEC27003EE512 /* Debug */,
				4A54A4FE2D4CEC27003EE512 /* Release */,
			);
			defaultConfigurationIsVisible = 0;
			defaultConfigurationName = Release;
		};
		4A54A4FA2D4CEC27003EE512 /* Build configuration list for PBXNativeTarget "Play_Wrist" */ = {
			isa = XCConfigurationList;
			buildConfigurations = (
				4A54A4FB2D4CEC27003EE512 /* Debug */,
				4A54A4FC2D4CEC27003EE512 /* Release */,
			);
			defaultConfigurationIsVisible = 0;
			defaultConfigurationName = Release;
		};
		4A54A4FF2D4CEC27003EE512 /* Build configuration list for PBXNativeTarget "Play_WristTests" */ = {
			isa = XCConfigurationList;
			buildConfigurations = (
				4A54A5002D4CEC27003EE512 /* Debug */,
				4A54A5012D4CEC27003EE512 /* Release */,
			);
			defaultConfigurationIsVisible = 0;
			defaultConfigurationName = Release;
		};
		4A54A5022D4CEC27003EE512 /* Build configuration list for PBXNativeTarget "Play_WristUITests" */ = {
			isa = XCConfigurationList;
			buildConfigurations = (
				4A54A5032D4CEC27003EE512 /* Debug */,
				4A54A5042D4CEC27003EE512 /* Release */,
			);
			defaultConfigurationIsVisible = 0;
			defaultConfigurationName = Release;
		};
		4A8B55442D5B8F60000BC329 /* Build configuration list for PBXNativeTarget "Play_Wrist_Watch" */ = {
			isa = XCConfigurationList;
			buildConfigurations = (
				4A8B55412D5B8F60000BC329 /* Debug */,
				4A8B55422D5B8F60000BC329 /* Release */,
			);
			defaultConfigurationIsVisible = 0;
			defaultConfigurationName = Release;
		};
		4A8B556A2D5B8F7E000BC329 /* Build configuration list for PBXNativeTarget "Play_Wrist_Watch Watch App" */ = {
			isa = XCConfigurationList;
			buildConfigurations = (
				4A8B556B2D5B8F7E000BC329 /* Debug */,
				4A8B556C2D5B8F7E000BC329 /* Release */,
			);
			defaultConfigurationIsVisible = 0;
			defaultConfigurationName = Release;
		};
		4A8B556D2D5B8F7E000BC329 /* Build configuration list for PBXNativeTarget "Play_Wrist_Watch Watch AppTests" */ = {
			isa = XCConfigurationList;
			buildConfigurations = (
				4A8B556E2D5B8F7E000BC329 /* Debug */,
				4A8B556F2D5B8F7E000BC329 /* Release */,
			);
			defaultConfigurationIsVisible = 0;
			defaultConfigurationName = Release;
		};
		4A8B55702D5B8F7E000BC329 /* Build configuration list for PBXNativeTarget "Play_Wrist_Watch Watch AppUITests" */ = {
			isa = XCConfigurationList;
			buildConfigurations = (
				4A8B55712D5B8F7E000BC329 /* Debug */,
				4A8B55722D5B8F7E000BC329 /* Release */,
			);
			defaultConfigurationIsVisible = 0;
			defaultConfigurationName = Release;
		};
/* End XCConfigurationList section */
	};
	rootObject = 4A54A4CB2D4CEC26003EE512 /* Project object */;
}
